{
  "pins" : [
    {
      "identity" : "defaults",
      "kind" : "remoteSourceControl",
      "location" : "https://github.com/sindresorhus/Defaults.git",
      "state" : {
        "revision" : "119f654d44f7b90f00dc11f7dd1c94a36f12576b",
        "version" : "6.2.1"
      }
    }
  ],
  "version" : 2
}
